
Microsoft Visual Studio Solution File, Format Version 12.00
# Visual Studio 14
VisualStudioVersion = 14.0.23107.0
MinimumVisualStudioVersion = 10.0.40219.1
Project("{FAE04EC0-301F-11D3-BF4B-00C04F79EFBC}") = "FileSystemWatcher", "FileSystemWatcher\FileSystemWatcher.csproj", "{113F9879-38EE-499F-8A42-9DE1EDCB98F8}"
EndProject
Project("{FAE04EC0-301F-11D3-BF4B-00C04F79EFBC}") = "FileSystemWatcherDAL", "FileSystemWatcherDAL\FileSystemWatcherDAL.csproj", "{35D229A4-527B-4B3C-B07A-B21DDDF85F4B}"
EndProject
Project("{FAE04EC0-301F-11D3-BF4B-00C04F79EFBC}") = "FileSystemWatcherConsole", "FileSystemWatcherConsole\FileSystemWatcherConsole.csproj", "{C813FDC3-E9DF-443D-8983-C921B289AC8E}"
EndProject
Project("{FAE04EC0-301F-11D3-BF4B-00C04F79EFBC}") = "FSWatcherService", "FSWatcherService\FSWatcherService.csproj", "{CCE0B8FE-352F-41B8-8A03-D053EA9783DD}"
EndProject
Global
	GlobalSection(SolutionConfigurationPlatforms) = preSolution
		Debug|Any CPU = Debug|Any CPU
		Release|Any CPU = Release|Any CPU
	EndGlobalSection
	GlobalSection(ProjectConfigurationPlatforms) = postSolution
		{113F9879-38EE-499F-8A42-9DE1EDCB98F8}.Debug|Any CPU.ActiveCfg = Debug|Any CPU
		{113F9879-38EE-499F-8A42-9DE1EDCB98F8}.Debug|Any CPU.Build.0 = Debug|Any CPU
		{113F9879-38EE-499F-8A42-9DE1EDCB98F8}.Release|Any CPU.ActiveCfg = Release|Any CPU
		{113F9879-38EE-499F-8A42-9DE1EDCB98F8}.Release|Any CPU.Build.0 = Release|Any CPU
		{35D229A4-527B-4B3C-B07A-B21DDDF85F4B}.Debug|Any CPU.ActiveCfg = Debug|Any CPU
		{35D229A4-527B-4B3C-B07A-B21DDDF85F4B}.Debug|Any CPU.Build.0 = Debug|Any CPU
		{35D229A4-527B-4B3C-B07A-B21DDDF85F4B}.Release|Any CPU.ActiveCfg = Release|Any CPU
		{35D229A4-527B-4B3C-B07A-B21DDDF85F4B}.Release|Any CPU.Build.0 = Release|Any CPU
		{C813FDC3-E9DF-443D-8983-C921B289AC8E}.Debug|Any CPU.ActiveCfg = Debug|Any CPU
		{C813FDC3-E9DF-443D-8983-C921B289AC8E}.Debug|Any CPU.Build.0 = Debug|Any CPU
		{C813FDC3-E9DF-443D-8983-C921B289AC8E}.Release|Any CPU.ActiveCfg = Release|Any CPU
		{C813FDC3-E9DF-443D-8983-C921B289AC8E}.Release|Any CPU.Build.0 = Release|Any CPU
		{CCE0B8FE-352F-41B8-8A03-D053EA9783DD}.Debug|Any CPU.ActiveCfg = Debug|Any CPU
		{CCE0B8FE-352F-41B8-8A03-D053EA9783DD}.Debug|Any CPU.Build.0 = Debug|Any CPU
		{CCE0B8FE-352F-41B8-8A03-D053EA9783DD}.Release|Any CPU.ActiveCfg = Release|Any CPU
		{CCE0B8FE-352F-41B8-8A03-D053EA9783DD}.Release|Any CPU.Build.0 = Release|Any CPU
	EndGlobalSection
	GlobalSection(SolutionProperties) = preSolution
		HideSolutionNode = FALSE
	EndGlobalSection
EndGlobal
